
Microsoft Visual Studio Solution File, Format Version 12.00
# Visual Studio Version 17
VisualStudioVersion = 17.9.34728.123
MinimumVisualStudioVersion = 10.0.40219.1
Project("{FAE04EC0-301F-11D3-BF4B-00C04F79EFBC}") = "POLYMORPHISM", "POLYMORPHISM\POLYMORPHISM.csproj", "{96595FAC-2549-4AB1-BA6C-48AD8348FF01}"
EndProject
Global
	GlobalSection(SolutionConfigurationPlatforms) = preSolution
		Debug|Any CPU = Debug|Any CPU
		Release|Any CPU = Release|Any CPU
	EndGlobalSection
	GlobalSection(ProjectConfigurationPlatforms) = postSolution
		{96595FAC-2549-4AB1-BA6C-48AD8348FF01}.Debug|Any CPU.ActiveCfg = Debug|Any CPU
		{96595FAC-2549-4AB1-BA6C-48AD8348FF01}.Debug|Any CPU.Build.0 = Debug|Any CPU
		{96595FAC-2549-4AB1-BA6C-48AD8348FF01}.Release|Any CPU.ActiveCfg = Release|Any CPU
		{96595FAC-2549-4AB1-BA6C-48AD8348FF01}.Release|Any CPU.Build.0 = Release|Any CPU
	EndGlobalSection
	GlobalSection(SolutionProperties) = preSolution
		HideSolutionNode = FALSE
	EndGlobalSection
	GlobalSection(ExtensibilityGlobals) = postSolution
		SolutionGuid = {4FD6D700-6DDE-4979-BC95-F5FC0BB5C0AE}
	EndGlobalSection
EndGlobal
